
Microsoft Visual Studio Solution File, Format Version 12.00
# Visual Studio 15
VisualStudioVersion = 15.0.28010.2036
MinimumVisualStudioVersion = 10.0.40219.1
Project("{FAE04EC0-301F-11D3-BF4B-00C04F79EFBC}") = "Exercise1", "Exercise1\Exercise1.csproj", "{9EB33A64-B8E0-4F72-A499-D397F09BF2CC}"
EndProject
Project("{FAE04EC0-301F-11D3-BF4B-00C04F79EFBC}") = "Exercise2", "..\Exercise2\Exercise2.csproj", "{600036F8-D2B0-4EE2-8521-8236BD847373}"
EndProject
Project("{FAE04EC0-301F-11D3-BF4B-00C04F79EFBC}") = "Exercise3", "..\Exercise3\Exercise3.csproj", "{BE2DC5EB-FB62-48F8-AA06-61A4C3F16B95}"
EndProject
Project("{FAE04EC0-301F-11D3-BF4B-00C04F79EFBC}") = "Exercise4", "..\Exercise4\Exercise4.csproj", "{BCFAA192-0CD9-4901-BD30-44886E8C574C}"
EndProject
Project("{FAE04EC0-301F-11D3-BF4B-00C04F79EFBC}") = "Exercise5", "..\Exercise5\Exercise5.csproj", "{21918B2E-2978-4119-AF1A-AAE18F9609DF}"
EndProject
Project("{FAE04EC0-301F-11D3-BF4B-00C04F79EFBC}") = "Exercise6", "..\Exercise6\Exercise6.csproj", "{0B30744C-E964-4D8B-8E0D-5E660D209B01}"
EndProject
Project("{FAE04EC0-301F-11D3-BF4B-00C04F79EFBC}") = "Exercise7", "..\Exercise7\Exercise7.csproj", "{DE5D38AE-151F-4576-8906-FF3CCAE6935C}"
EndProject
Project("{FAE04EC0-301F-11D3-BF4B-00C04F79EFBC}") = "Exercise8", "..\Exercise8\Exercise8.csproj", "{3B03CE7C-4B69-486A-B8B2-73A28C8BB8CF}"
EndProject
Project("{FAE04EC0-301F-11D3-BF4B-00C04F79EFBC}") = "Exercise9", "..\Exercise9\Exercise9.csproj", "{58437CE2-A73E-450D-A8E5-1302536D201E}"
EndProject
Project("{FAE04EC0-301F-11D3-BF4B-00C04F79EFBC}") = "Exercise10", "..\Exercise10\Exercise10.csproj", "{ADDEA82B-D4CC-4CF8-8E1D-71A377AFA56F}"
EndProject
Project("{FAE04EC0-301F-11D3-BF4B-00C04F79EFBC}") = "Exercise11", "..\Exercise11\Exercise11.csproj", "{1CBB54F3-3DC8-491C-87C4-B0CE64483FF9}"
EndProject
Project("{FAE04EC0-301F-11D3-BF4B-00C04F79EFBC}") = "Exercise12", "..\Exercise12\Exercise12.csproj", "{C1CFF5CB-592C-4D6B-95DB-930C8DCA7143}"
EndProject
Project("{FAE04EC0-301F-11D3-BF4B-00C04F79EFBC}") = "Exercise13", "..\Exercise13\Exercise13.csproj", "{99A7FE02-3A1F-4BDC-BBB7-CD8C0725ED64}"
EndProject
Project("{FAE04EC0-301F-11D3-BF4B-00C04F79EFBC}") = "Exercise14", "..\Exercise14\Exercise14.csproj", "{524648B3-5660-4B2D-989F-CEE616D319C3}"
EndProject
Project("{FAE04EC0-301F-11D3-BF4B-00C04F79EFBC}") = "Exercise15", "..\Exercise15\Exercise15.csproj", "{791DEC89-17AE-421C-A20B-C7FAB56A2C07}"
EndProject
Project("{FAE04EC0-301F-11D3-BF4B-00C04F79EFBC}") = "Exercise16", "..\Exercise16\Exercise16.csproj", "{C3D6B495-D63A-427A-B1CF-05AFD55CDBDB}"
EndProject
Project("{FAE04EC0-301F-11D3-BF4B-00C04F79EFBC}") = "Calculator", "..\..\..\..\Documents\Visual Studio 2017\Projects\Calculator\Calculator\Calculator.csproj", "{B0247D73-1133-4DE8-A994-4295E69269D0}"
EndProject
Global
	GlobalSection(SolutionConfigurationPlatforms) = preSolution
		Debug|Any CPU = Debug|Any CPU
		Release|Any CPU = Release|Any CPU
	EndGlobalSection
	GlobalSection(ProjectConfigurationPlatforms) = postSolution
		{9EB33A64-B8E0-4F72-A499-D397F09BF2CC}.Debug|Any CPU.ActiveCfg = Debug|Any CPU
		{9EB33A64-B8E0-4F72-A499-D397F09BF2CC}.Debug|Any CPU.Build.0 = Debug|Any CPU
		{9EB33A64-B8E0-4F72-A499-D397F09BF2CC}.Release|Any CPU.ActiveCfg = Release|Any CPU
		{9EB33A64-B8E0-4F72-A499-D397F09BF2CC}.Release|Any CPU.Build.0 = Release|Any CPU
		{600036F8-D2B0-4EE2-8521-8236BD847373}.Debug|Any CPU.ActiveCfg = Debug|Any CPU
		{600036F8-D2B0-4EE2-8521-8236BD847373}.Debug|Any CPU.Build.0 = Debug|Any CPU
		{600036F8-D2B0-4EE2-8521-8236BD847373}.Release|Any CPU.ActiveCfg = Release|Any CPU
		{600036F8-D2B0-4EE2-8521-8236BD847373}.Release|Any CPU.Build.0 = Release|Any CPU
		{BE2DC5EB-FB62-48F8-AA06-61A4C3F16B95}.Debug|Any CPU.ActiveCfg = Debug|Any CPU
		{BE2DC5EB-FB62-48F8-AA06-61A4C3F16B95}.Debug|Any CPU.Build.0 = Debug|Any CPU
		{BE2DC5EB-FB62-48F8-AA06-61A4C3F16B95}.Release|Any CPU.ActiveCfg = Release|Any CPU
		{BE2DC5EB-FB62-48F8-AA06-61A4C3F16B95}.Release|Any CPU.Build.0 = Release|Any CPU
		{BCFAA192-0CD9-4901-BD30-44886E8C574C}.Debug|Any CPU.ActiveCfg = Debug|Any CPU
		{BCFAA192-0CD9-4901-BD30-44886E8C574C}.Debug|Any CPU.Build.0 = Debug|Any CPU
		{BCFAA192-0CD9-4901-BD30-44886E8C574C}.Release|Any CPU.ActiveCfg = Release|Any CPU
		{BCFAA192-0CD9-4901-BD30-44886E8C574C}.Release|Any CPU.Build.0 = Release|Any CPU
		{21918B2E-2978-4119-AF1A-AAE18F9609DF}.Debug|Any CPU.ActiveCfg = Debug|Any CPU
		{21918B2E-2978-4119-AF1A-AAE18F9609DF}.Debug|Any CPU.Build.0 = Debug|Any CPU
		{21918B2E-2978-4119-AF1A-AAE18F9609DF}.Release|Any CPU.ActiveCfg = Release|Any CPU
		{21918B2E-2978-4119-AF1A-AAE18F9609DF}.Release|Any CPU.Build.0 = Release|Any CPU
		{0B30744C-E964-4D8B-8E0D-5E660D209B01}.Debug|Any CPU.ActiveCfg = Debug|Any CPU
		{0B30744C-E964-4D8B-8E0D-5E660D209B01}.Debug|Any CPU.Build.0 = Debug|Any CPU
		{0B30744C-E964-4D8B-8E0D-5E660D209B01}.Release|Any CPU.ActiveCfg = Release|Any CPU
		{0B30744C-E964-4D8B-8E0D-5E660D209B01}.Release|Any CPU.Build.0 = Release|Any CPU
		{DE5D38AE-151F-4576-8906-FF3CCAE6935C}.Debug|Any CPU.ActiveCfg = Debug|Any CPU
		{DE5D38AE-151F-4576-8906-FF3CCAE6935C}.Debug|Any CPU.Build.0 = Debug|Any CPU
		{DE5D38AE-151F-4576-8906-FF3CCAE6935C}.Release|Any CPU.ActiveCfg = Release|Any CPU
		{DE5D38AE-151F-4576-8906-FF3CCAE6935C}.Release|Any CPU.Build.0 = Release|Any CPU
		{3B03CE7C-4B69-486A-B8B2-73A28C8BB8CF}.Debug|Any CPU.ActiveCfg = Debug|Any CPU
		{3B03CE7C-4B69-486A-B8B2-73A28C8BB8CF}.Debug|Any CPU.Build.0 = Debug|Any CPU
		{3B03CE7C-4B69-486A-B8B2-73A28C8BB8CF}.Release|Any CPU.ActiveCfg = Release|Any CPU
		{3B03CE7C-4B69-486A-B8B2-73A28C8BB8CF}.Release|Any CPU.Build.0 = Release|Any CPU
		{58437CE2-A73E-450D-A8E5-1302536D201E}.Debug|Any CPU.ActiveCfg = Debug|Any CPU
		{58437CE2-A73E-450D-A8E5-1302536D201E}.Debug|Any CPU.Build.0 = Debug|Any CPU
		{58437CE2-A73E-450D-A8E5-1302536D201E}.Release|Any CPU.ActiveCfg = Release|Any CPU
		{58437CE2-A73E-450D-A8E5-1302536D201E}.Release|Any CPU.Build.0 = Release|Any CPU
		{ADDEA82B-D4CC-4CF8-8E1D-71A377AFA56F}.Debug|Any CPU.ActiveCfg = Debug|Any CPU
		{ADDEA82B-D4CC-4CF8-8E1D-71A377AFA56F}.Debug|Any CPU.Build.0 = Debug|Any CPU
		{ADDEA82B-D4CC-4CF8-8E1D-71A377AFA56F}.Release|Any CPU.ActiveCfg = Release|Any CPU
		{ADDEA82B-D4CC-4CF8-8E1D-71A377AFA56F}.Release|Any CPU.Build.0 = Release|Any CPU
		{1CBB54F3-3DC8-491C-87C4-B0CE64483FF9}.Debug|Any CPU.ActiveCfg = Debug|Any CPU
		{1CBB54F3-3DC8-491C-87C4-B0CE64483FF9}.Debug|Any CPU.Build.0 = Debug|Any CPU
		{1CBB54F3-3DC8-491C-87C4-B0CE64483FF9}.Release|Any CPU.ActiveCfg = Release|Any CPU
		{1CBB54F3-3DC8-491C-87C4-B0CE64483FF9}.Release|Any CPU.Build.0 = Release|Any CPU
		{C1CFF5CB-592C-4D6B-95DB-930C8DCA7143}.Debug|Any CPU.ActiveCfg = Debug|Any CPU
		{C1CFF5CB-592C-4D6B-95DB-930C8DCA7143}.Debug|Any CPU.Build.0 = Debug|Any CPU
		{C1CFF5CB-592C-4D6B-95DB-930C8DCA7143}.Release|Any CPU.ActiveCfg = Release|Any CPU
		{C1CFF5CB-592C-4D6B-95DB-930C8DCA7143}.Release|Any CPU.Build.0 = Release|Any CPU
		{99A7FE02-3A1F-4BDC-BBB7-CD8C0725ED64}.Debug|Any CPU.ActiveCfg = Debug|Any CPU
		{99A7FE02-3A1F-4BDC-BBB7-CD8C0725ED64}.Debug|Any CPU.Build.0 = Debug|Any CPU
		{99A7FE02-3A1F-4BDC-BBB7-CD8C0725ED64}.Release|Any CPU.ActiveCfg = Release|Any CPU
		{99A7FE02-3A1F-4BDC-BBB7-CD8C0725ED64}.Release|Any CPU.Build.0 = Release|Any CPU
		{524648B3-5660-4B2D-989F-CEE616D319C3}.Debug|Any CPU.ActiveCfg = Debug|Any CPU
		{524648B3-5660-4B2D-989F-CEE616D319C3}.Debug|Any CPU.Build.0 = Debug|Any CPU
		{524648B3-5660-4B2D-989F-CEE616D319C3}.Release|Any CPU.ActiveCfg = Release|Any CPU
		{524648B3-5660-4B2D-989F-CEE616D319C3}.Release|Any CPU.Build.0 = Release|Any CPU
		{791DEC89-17AE-421C-A20B-C7FAB56A2C07}.Debug|Any CPU.ActiveCfg = Debug|Any CPU
		{791DEC89-17AE-421C-A20B-C7FAB56A2C07}.Debug|Any CPU.Build.0 = Debug|Any CPU
		{791DEC89-17AE-421C-A20B-C7FAB56A2C07}.Release|Any CPU.ActiveCfg = Release|Any CPU
		{791DEC89-17AE-421C-A20B-C7FAB56A2C07}.Release|Any CPU.Build.0 = Release|Any CPU
		{C3D6B495-D63A-427A-B1CF-05AFD55CDBDB}.Debug|Any CPU.ActiveCfg = Debug|Any CPU
		{C3D6B495-D63A-427A-B1CF-05AFD55CDBDB}.Debug|Any CPU.Build.0 = Debug|Any CPU
		{C3D6B495-D63A-427A-B1CF-05AFD55CDBDB}.Release|Any CPU.ActiveCfg = Release|Any CPU
		{C3D6B495-D63A-427A-B1CF-05AFD55CDBDB}.Release|Any CPU.Build.0 = Release|Any CPU
		{B0247D73-1133-4DE8-A994-4295E69269D0}.Debug|Any CPU.ActiveCfg = Debug|Any CPU
		{B0247D73-1133-4DE8-A994-4295E69269D0}.Debug|Any CPU.Build.0 = Debug|Any CPU
		{B0247D73-1133-4DE8-A994-4295E69269D0}.Release|Any CPU.ActiveCfg = Release|Any CPU
		{B0247D73-1133-4DE8-A994-4295E69269D0}.Release|Any CPU.Build.0 = Release|Any CPU
	EndGlobalSection
	GlobalSection(SolutionProperties) = preSolution
		HideSolutionNode = FALSE
	EndGlobalSection
	GlobalSection(ExtensibilityGlobals) = postSolution
		SolutionGuid = {745491FA-961E-4DCA-A2C3-4CF9BE7737FF}
	EndGlobalSection
EndGlobal
